
Microsoft Visual Studio Solution File, Format Version 12.00
# Visual Studio Version 16
VisualStudioVersion = 16.0.30011.22
MinimumVisualStudioVersion = 10.0.40219.1
Project("{FAE04EC0-301F-11D3-BF4B-00C04F79EFBC}") = "DinkToPdfAll", "DinkToPdfAll\DinkToPdfAll.csproj", "{9F53D2E0-490D-4D90-93EE-F87858527F79}"
EndProject
Project("{FAE04EC0-301F-11D3-BF4B-00C04F79EFBC}") = "ConsoleApp.Test", "ConsoleApp.Test\ConsoleApp.Test.csproj", "{185B01CA-C825-4858-B06D-70BC2F8D0A4D}"
EndProject
Global
	GlobalSection(SolutionConfigurationPlatforms) = preSolution
		Debug|Any CPU = Debug|Any CPU
		Release|Any CPU = Release|Any CPU
	EndGlobalSection
	GlobalSection(ProjectConfigurationPlatforms) = postSolution
		{9F53D2E0-490D-4D90-93EE-F87858527F79}.Debug|Any CPU.ActiveCfg = Debug|Any CPU
		{9F53D2E0-490D-4D90-93EE-F87858527F79}.Debug|Any CPU.Build.0 = Debug|Any CPU
		{9F53D2E0-490D-4D90-93EE-F87858527F79}.Release|Any CPU.ActiveCfg = Release|Any CPU
		{9F53D2E0-490D-4D90-93EE-F87858527F79}.Release|Any CPU.Build.0 = Release|Any CPU
		{185B01CA-C825-4858-B06D-70BC2F8D0A4D}.Debug|Any CPU.ActiveCfg = Debug|Any CPU
		{185B01CA-C825-4858-B06D-70BC2F8D0A4D}.Debug|Any CPU.Build.0 = Debug|Any CPU
		{185B01CA-C825-4858-B06D-70BC2F8D0A4D}.Release|Any CPU.ActiveCfg = Release|Any CPU
		{185B01CA-C825-4858-B06D-70BC2F8D0A4D}.Release|Any CPU.Build.0 = Release|Any CPU
	EndGlobalSection
	GlobalSection(SolutionProperties) = preSolution
		HideSolutionNode = FALSE
	EndGlobalSection
	GlobalSection(ExtensibilityGlobals) = postSolution
		SolutionGuid = {332AEF04-F4B2-47D2-A61D-761CE86D004F}
	EndGlobalSection
EndGlobal
